{
    "_meta": {
        "hash": {
            "sha256": "4e55147db217bb4120f6e68cb8cad7bc37011457441ce0eb9d97308315625834"
        },
        "pipfile-spec": 6,
        "requires": {
            "python_version": "3.6"
        },
        "sources": [
            {
                "name": "pypi",
                "url": "https://pypi.python.org/simple",
                "verify_ssl": true
            }
        ]
    },
    "default": {},
    "develop": {}
}
